
Microsoft Visual Studio Solution File, Format Version 12.00
# Visual Studio 14
VisualStudioVersion = 14.0.25420.1
MinimumVisualStudioVersion = 10.0.40219.1
Project("{D4B43EB3-688B-4EEE-86BD-088F0B28ABB3}") = "QueryOleDbMonitorLibrary", "QueryOleDbMonitorLibrary\QueryOleDbMonitorLibrary.mpproj", "{E7BC18DC-3E9F-4E74-97BD-D6EB57AAFF0E}"
EndProject
Project("{D4B43EB3-688B-4EEE-86BD-088F0B28ABB3}") = "QueryOleDbMonitor", "QueryOleDbMonitor\QueryOleDbMonitor.mpproj", "{ABAA1AE5-279C-4FFA-85CC-868869298FFF}"
EndProject
Project("{2150E333-8FDC-42A3-9474-1A3956D46DE8}") = "Installation", "Installation", "{61D405C9-122E-4F4F-9949-AA8BFCC327E7}"
EndProject
Project("{54435603-DBB4-11D2-8724-00A0C9A8B90C}") = "QueryOleDbMonitorSetup", "QueryOleDbMonitorSetup\QueryOleDbMonitorSetup.vdproj", "{E9EF3C6B-18AC-4CAE-8874-425FD7565C0B}"
EndProject
Project("{2150E333-8FDC-42A3-9474-1A3956D46DE8}") = "ManageTool", "ManageTool", "{90E23C8B-8C23-47ED-97CE-616599C935C8}"
EndProject
Project("{2150E333-8FDC-42A3-9474-1A3956D46DE8}") = "ManagementPacks", "ManagementPacks", "{7377A1E8-11BD-414E-BF61-43BDC4A91349}"
EndProject
Project("{FAE04EC0-301F-11D3-BF4B-00C04F79EFBC}") = "ManageQueryOleDbMonitorUI", "ManageQueryOleDbMonitorUI\ManageQueryOleDbMonitorUI.csproj", "{E21C50F2-88CA-4D66-800B-E82A93C123F0}"
EndProject
Project("{D4B43EB3-688B-4EEE-86BD-088F0B28ABB3}") = "QueryOleDbMonitorTemplate", "QueryOleDbMonitorTemplate\QueryOleDbMonitorTemplate.mpproj", "{4C99B308-E310-45A4-BA8F-FFCEA9F057C3}"
EndProject
Global
	GlobalSection(SolutionConfigurationPlatforms) = preSolution
		Debug|Any CPU = Debug|Any CPU
		Debug|x86 = Debug|x86
		Release|Any CPU = Release|Any CPU
		Release|x86 = Release|x86
	EndGlobalSection
	GlobalSection(ProjectConfigurationPlatforms) = postSolution
		{E7BC18DC-3E9F-4E74-97BD-D6EB57AAFF0E}.Debug|Any CPU.ActiveCfg = Debug|x86
		{E7BC18DC-3E9F-4E74-97BD-D6EB57AAFF0E}.Debug|x86.ActiveCfg = Debug|x86
		{E7BC18DC-3E9F-4E74-97BD-D6EB57AAFF0E}.Debug|x86.Build.0 = Debug|x86
		{E7BC18DC-3E9F-4E74-97BD-D6EB57AAFF0E}.Release|Any CPU.ActiveCfg = Release|x86
		{E7BC18DC-3E9F-4E74-97BD-D6EB57AAFF0E}.Release|x86.ActiveCfg = Release|x86
		{E7BC18DC-3E9F-4E74-97BD-D6EB57AAFF0E}.Release|x86.Build.0 = Release|x86
		{ABAA1AE5-279C-4FFA-85CC-868869298FFF}.Debug|Any CPU.ActiveCfg = Debug|x86
		{ABAA1AE5-279C-4FFA-85CC-868869298FFF}.Debug|x86.ActiveCfg = Debug|x86
		{ABAA1AE5-279C-4FFA-85CC-868869298FFF}.Debug|x86.Build.0 = Debug|x86
		{ABAA1AE5-279C-4FFA-85CC-868869298FFF}.Release|Any CPU.ActiveCfg = Release|x86
		{ABAA1AE5-279C-4FFA-85CC-868869298FFF}.Release|x86.ActiveCfg = Release|x86
		{ABAA1AE5-279C-4FFA-85CC-868869298FFF}.Release|x86.Build.0 = Release|x86
		{E9EF3C6B-18AC-4CAE-8874-425FD7565C0B}.Debug|Any CPU.ActiveCfg = Debug
		{E9EF3C6B-18AC-4CAE-8874-425FD7565C0B}.Debug|x86.ActiveCfg = Debug
		{E9EF3C6B-18AC-4CAE-8874-425FD7565C0B}.Release|Any CPU.ActiveCfg = Release
		{E9EF3C6B-18AC-4CAE-8874-425FD7565C0B}.Release|x86.ActiveCfg = Release
		{E21C50F2-88CA-4D66-800B-E82A93C123F0}.Debug|Any CPU.ActiveCfg = Debug|Any CPU
		{E21C50F2-88CA-4D66-800B-E82A93C123F0}.Debug|Any CPU.Build.0 = Debug|Any CPU
		{E21C50F2-88CA-4D66-800B-E82A93C123F0}.Debug|x86.ActiveCfg = Debug|Any CPU
		{E21C50F2-88CA-4D66-800B-E82A93C123F0}.Debug|x86.Build.0 = Debug|Any CPU
		{E21C50F2-88CA-4D66-800B-E82A93C123F0}.Release|Any CPU.ActiveCfg = Release|Any CPU
		{E21C50F2-88CA-4D66-800B-E82A93C123F0}.Release|Any CPU.Build.0 = Release|Any CPU
		{E21C50F2-88CA-4D66-800B-E82A93C123F0}.Release|x86.ActiveCfg = Release|Any CPU
		{E21C50F2-88CA-4D66-800B-E82A93C123F0}.Release|x86.Build.0 = Release|Any CPU
		{4C99B308-E310-45A4-BA8F-FFCEA9F057C3}.Debug|Any CPU.ActiveCfg = Debug|x86
		{4C99B308-E310-45A4-BA8F-FFCEA9F057C3}.Debug|x86.ActiveCfg = Debug|x86
		{4C99B308-E310-45A4-BA8F-FFCEA9F057C3}.Debug|x86.Build.0 = Debug|x86
		{4C99B308-E310-45A4-BA8F-FFCEA9F057C3}.Release|Any CPU.ActiveCfg = Release|x86
		{4C99B308-E310-45A4-BA8F-FFCEA9F057C3}.Release|x86.ActiveCfg = Release|x86
		{4C99B308-E310-45A4-BA8F-FFCEA9F057C3}.Release|x86.Build.0 = Release|x86
	EndGlobalSection
	GlobalSection(SolutionProperties) = preSolution
		HideSolutionNode = FALSE
	EndGlobalSection
	GlobalSection(NestedProjects) = preSolution
		{E7BC18DC-3E9F-4E74-97BD-D6EB57AAFF0E} = {7377A1E8-11BD-414E-BF61-43BDC4A91349}
		{ABAA1AE5-279C-4FFA-85CC-868869298FFF} = {7377A1E8-11BD-414E-BF61-43BDC4A91349}
		{E9EF3C6B-18AC-4CAE-8874-425FD7565C0B} = {61D405C9-122E-4F4F-9949-AA8BFCC327E7}
		{E21C50F2-88CA-4D66-800B-E82A93C123F0} = {90E23C8B-8C23-47ED-97CE-616599C935C8}
		{4C99B308-E310-45A4-BA8F-FFCEA9F057C3} = {7377A1E8-11BD-414E-BF61-43BDC4A91349}
	EndGlobalSection
EndGlobal
